
Microsoft Visual Studio Solution File, Format Version 12.00
# Visual Studio Version 17
VisualStudioVersion = 17.2.32505.173
MinimumVisualStudioVersion = 10.0.40219.1
Project("{2150E333-8FDC-42A3-9474-1A3956D46DE8}") = "ODataDemoWebApp", "ODataDemoWebApp", "{B1EB0A15-0F3A-45A6-854C-E3C36DB71C6D}"
EndProject
Project("{2150E333-8FDC-42A3-9474-1A3956D46DE8}") = "Apps", "Apps", "{FED146F3-FECF-4F92-ABAF-BED3ED0C1F07}"
EndProject
Project("{9A19103F-16F7-4668-BE54-9A1E7A4F7556}") = "ODataDemoWebApp", "ODataDemoWebApp\Apps\ODataDemoWebApp\ODataDemoWebApp.csproj", "{487F3730-E1AA-4D14-8905-53558BFB1365}"
EndProject
Project("{2150E333-8FDC-42A3-9474-1A3956D46DE8}") = "Internal", "Internal", "{64AF074A-C9CF-4411-B523-0066481A6C81}"
EndProject
Project("{9A19103F-16F7-4668-BE54-9A1E7A4F7556}") = "XTI_ODataDemoWebAppApi", "ODataDemoWebApp\Internal\XTI_ODataDemoWebAppApi\XTI_ODataDemoWebAppApi.csproj", "{66AAA0FB-8897-4CE9-8B32-6691F35A1DF9}"
EndProject
Project("{9A19103F-16F7-4668-BE54-9A1E7A4F7556}") = "ODataDemoWebApp.ApiControllers", "ODataDemoWebApp\Internal\ODataDemoWebApp.ApiControllers\ODataDemoWebApp.ApiControllers.csproj", "{D78F7C75-7E8E-4599-93BE-91A805F929FD}"
EndProject
Project("{2150E333-8FDC-42A3-9474-1A3956D46DE8}") = "Lib", "Lib", "{50011727-6948-4E3B-851D-21F521E1AFEF}"
EndProject
Project("{9A19103F-16F7-4668-BE54-9A1E7A4F7556}") = "XTI_ODataDemoAppClient", "ODataDemoWebApp\Lib\XTI_ODataDemoAppClient\XTI_ODataDemoAppClient.csproj", "{C019E105-E1BB-49EC-905C-2481BF7DA9D9}"
EndProject
Project("{9A19103F-16F7-4668-BE54-9A1E7A4F7556}") = "ODataDemoApiGeneratorApp", "ODataDemoWebApp\Apps\ODataDemoApiGeneratorApp\ODataDemoApiGeneratorApp.csproj", "{0B208966-7B6E-443C-8E5F-C3F73B7E4BA7}"
EndProject
Project("{9A19103F-16F7-4668-BE54-9A1E7A4F7556}") = "ODataDemoSetupApp", "ODataDemoWebApp\Apps\ODataDemoSetupApp\ODataDemoSetupApp.csproj", "{FCBCCAD1-923B-4B28-BBA0-0FB81BD5C702}"
EndProject
Project("{FAE04EC0-301F-11D3-BF4B-00C04F79EFBC}") = "XTI_AdventureWorksDB", "Internal\XTI_AdventureWorksDB\XTI_AdventureWorksDB.csproj", "{BEE0081E-5A7E-4AC9-887B-7D5998A74676}"
EndProject
Project("{FAE04EC0-301F-11D3-BF4B-00C04F79EFBC}") = "XTI_AdventureWorksDB.SqlServer", "Internal\XTI_AdventureWorksDB.SqlServer\XTI_AdventureWorksDB.SqlServer.csproj", "{9B9B52F4-89BE-4B48-BBD2-3E332E9D3AF5}"
EndProject
Global
	GlobalSection(SolutionConfigurationPlatforms) = preSolution
		Debug|Any CPU = Debug|Any CPU
		Release|Any CPU = Release|Any CPU
	EndGlobalSection
	GlobalSection(ProjectConfigurationPlatforms) = postSolution
		{487F3730-E1AA-4D14-8905-53558BFB1365}.Debug|Any CPU.ActiveCfg = Debug|Any CPU
		{487F3730-E1AA-4D14-8905-53558BFB1365}.Debug|Any CPU.Build.0 = Debug|Any CPU
		{487F3730-E1AA-4D14-8905-53558BFB1365}.Release|Any CPU.ActiveCfg = Release|Any CPU
		{487F3730-E1AA-4D14-8905-53558BFB1365}.Release|Any CPU.Build.0 = Release|Any CPU
		{66AAA0FB-8897-4CE9-8B32-6691F35A1DF9}.Debug|Any CPU.ActiveCfg = Debug|Any CPU
		{66AAA0FB-8897-4CE9-8B32-6691F35A1DF9}.Debug|Any CPU.Build.0 = Debug|Any CPU
		{66AAA0FB-8897-4CE9-8B32-6691F35A1DF9}.Release|Any CPU.ActiveCfg = Release|Any CPU
		{66AAA0FB-8897-4CE9-8B32-6691F35A1DF9}.Release|Any CPU.Build.0 = Release|Any CPU
		{D78F7C75-7E8E-4599-93BE-91A805F929FD}.Debug|Any CPU.ActiveCfg = Debug|Any CPU
		{D78F7C75-7E8E-4599-93BE-91A805F929FD}.Debug|Any CPU.Build.0 = Debug|Any CPU
		{D78F7C75-7E8E-4599-93BE-91A805F929FD}.Release|Any CPU.ActiveCfg = Release|Any CPU
		{D78F7C75-7E8E-4599-93BE-91A805F929FD}.Release|Any CPU.Build.0 = Release|Any CPU
		{C019E105-E1BB-49EC-905C-2481BF7DA9D9}.Debug|Any CPU.ActiveCfg = Debug|Any CPU
		{C019E105-E1BB-49EC-905C-2481BF7DA9D9}.Debug|Any CPU.Build.0 = Debug|Any CPU
		{C019E105-E1BB-49EC-905C-2481BF7DA9D9}.Release|Any CPU.ActiveCfg = Release|Any CPU
		{C019E105-E1BB-49EC-905C-2481BF7DA9D9}.Release|Any CPU.Build.0 = Release|Any CPU
		{0B208966-7B6E-443C-8E5F-C3F73B7E4BA7}.Debug|Any CPU.ActiveCfg = Debug|Any CPU
		{0B208966-7B6E-443C-8E5F-C3F73B7E4BA7}.Debug|Any CPU.Build.0 = Debug|Any CPU
		{0B208966-7B6E-443C-8E5F-C3F73B7E4BA7}.Release|Any CPU.ActiveCfg = Release|Any CPU
		{0B208966-7B6E-443C-8E5F-C3F73B7E4BA7}.Release|Any CPU.Build.0 = Release|Any CPU
		{FCBCCAD1-923B-4B28-BBA0-0FB81BD5C702}.Debug|Any CPU.ActiveCfg = Debug|Any CPU
		{FCBCCAD1-923B-4B28-BBA0-0FB81BD5C702}.Debug|Any CPU.Build.0 = Debug|Any CPU
		{FCBCCAD1-923B-4B28-BBA0-0FB81BD5C702}.Release|Any CPU.ActiveCfg = Release|Any CPU
		{FCBCCAD1-923B-4B28-BBA0-0FB81BD5C702}.Release|Any CPU.Build.0 = Release|Any CPU
		{BEE0081E-5A7E-4AC9-887B-7D5998A74676}.Debug|Any CPU.ActiveCfg = Debug|Any CPU
		{BEE0081E-5A7E-4AC9-887B-7D5998A74676}.Debug|Any CPU.Build.0 = Debug|Any CPU
		{BEE0081E-5A7E-4AC9-887B-7D5998A74676}.Release|Any CPU.ActiveCfg = Release|Any CPU
		{BEE0081E-5A7E-4AC9-887B-7D5998A74676}.Release|Any CPU.Build.0 = Release|Any CPU
		{9B9B52F4-89BE-4B48-BBD2-3E332E9D3AF5}.Debug|Any CPU.ActiveCfg = Debug|Any CPU
		{9B9B52F4-89BE-4B48-BBD2-3E332E9D3AF5}.Debug|Any CPU.Build.0 = Debug|Any CPU
		{9B9B52F4-89BE-4B48-BBD2-3E332E9D3AF5}.Release|Any CPU.ActiveCfg = Release|Any CPU
		{9B9B52F4-89BE-4B48-BBD2-3E332E9D3AF5}.Release|Any CPU.Build.0 = Release|Any CPU
	EndGlobalSection
	GlobalSection(SolutionProperties) = preSolution
		HideSolutionNode = FALSE
	EndGlobalSection
	GlobalSection(NestedProjects) = preSolution
		{FED146F3-FECF-4F92-ABAF-BED3ED0C1F07} = {B1EB0A15-0F3A-45A6-854C-E3C36DB71C6D}
		{487F3730-E1AA-4D14-8905-53558BFB1365} = {FED146F3-FECF-4F92-ABAF-BED3ED0C1F07}
		{64AF074A-C9CF-4411-B523-0066481A6C81} = {B1EB0A15-0F3A-45A6-854C-E3C36DB71C6D}
		{66AAA0FB-8897-4CE9-8B32-6691F35A1DF9} = {64AF074A-C9CF-4411-B523-0066481A6C81}
		{D78F7C75-7E8E-4599-93BE-91A805F929FD} = {64AF074A-C9CF-4411-B523-0066481A6C81}
		{50011727-6948-4E3B-851D-21F521E1AFEF} = {B1EB0A15-0F3A-45A6-854C-E3C36DB71C6D}
		{C019E105-E1BB-49EC-905C-2481BF7DA9D9} = {50011727-6948-4E3B-851D-21F521E1AFEF}
		{0B208966-7B6E-443C-8E5F-C3F73B7E4BA7} = {FED146F3-FECF-4F92-ABAF-BED3ED0C1F07}
		{FCBCCAD1-923B-4B28-BBA0-0FB81BD5C702} = {FED146F3-FECF-4F92-ABAF-BED3ED0C1F07}
		{BEE0081E-5A7E-4AC9-887B-7D5998A74676} = {64AF074A-C9CF-4411-B523-0066481A6C81}
		{9B9B52F4-89BE-4B48-BBD2-3E332E9D3AF5} = {64AF074A-C9CF-4411-B523-0066481A6C81}
	EndGlobalSection
	GlobalSection(ExtensibilityGlobals) = postSolution
		SolutionGuid = {EBB40F22-BAFD-4412-87C0-FC2DD7CA4964}
	EndGlobalSection
EndGlobal
